{
  "requires": true,
  "lockfileVersion": 1,
  "dependencies": {
    "grunt-screeps": {
      "version": "1.5.0",
      "resolved": "https://registry.npmjs.org/grunt-screeps/-/grunt-screeps-1.5.0.tgz",
      "integrity": "sha512-ebyhY//utQYGSRmAh7hn+5rPHT8xJ5L6lma3vzCqc8OE3xTGkzKBjPZ8uXwchQzLZdQp/YMpkd4ELvsHKhEsmQ=="
    }
  }
}
