{
  "name": "screeps",
  "version": "1.0.0",
  "lockfileVersion": 3,
  "requires": true,
  "packages": {
    "": {
      "name": "screeps",
      "version": "1.0.0",
      "devDependencies": {
        "@types/lodash": "3.10.1",
        "@types/screeps": "^3.3.8"
      }
    },
    "node_modules/@types/lodash": {
      "version": "3.10.1",
      "resolved": "https://registry.npmjs.org/@types/lodash/-/lodash-3.10.1.tgz",
      "integrity": "sha512-1tojbTT6I1uOiQ/982p18YYjZ1PN/zUB2FDCMaFZXIlLoTBHEY6qIV74DDkrmVnregpKuBTGBkJb5v/UzxHyOA==",
      "dev": true
    },
    "node_modules/@types/screeps": {
      "version": "3.3.8",
      "resolved": "https://registry.npmjs.org/@types/screeps/-/screeps-3.3.8.tgz",
      "integrity": "sha512-PlZRi5l0RaYNI67BgH4AUxhPeK9fKOyPNdFOVYiT66Olj1RtTjEaPY/REUNTSFKREczKM4oeLuVebJh6uorxzw==",
      "dev": true,
      "license": "MIT"
    }
  }
}
